
Microsoft Visual Studio Solution File, Format Version 12.00
# Visual Studio Version 16
VisualStudioVersion = 16.0.30330.147
MinimumVisualStudioVersion = 10.0.40219.1
Project("{9A19103F-16F7-4668-BE54-9A1E7A4F7556}") = "旋转矩阵", "旋转矩阵\旋转矩阵.csproj", "{7096AA10-7CC4-4D3D-817D-FC1594CF03FE}"
EndProject
Project("{9A19103F-16F7-4668-BE54-9A1E7A4F7556}") = "整数反转", "整数反转\整数反转.csproj", "{111D2934-D9F8-442F-B5AD-AC6C02DBB210}"
EndProject
Project("{9A19103F-16F7-4668-BE54-9A1E7A4F7556}") = "回文数", "回文数\回文数.csproj", "{35499B0C-F96E-41DC-850A-DAC9EEA16B05}"
EndProject
Project("{9A19103F-16F7-4668-BE54-9A1E7A4F7556}") = "二叉树的所有路径", "二叉树的所有路径\二叉树的所有路径.csproj", "{F2B37EDD-F5F5-4A09-A67D-616DB8C23DA3}"
EndProject
Project("{9A19103F-16F7-4668-BE54-9A1E7A4F7556}") = "移除元素", "移除元素\移除元素.csproj", "{5E91CB97-672C-40FC-8614-81D7E217CA7D}"
EndProject
Project("{9A19103F-16F7-4668-BE54-9A1E7A4F7556}") = "二叉树的层次遍历II", "二叉树的层次遍历II\二叉树的层次遍历II.csproj", "{1D6F6B71-5FA3-4EB3-BBB7-CCA40011B351}"
EndProject
Project("{9A19103F-16F7-4668-BE54-9A1E7A4F7556}") = "前K个高频元素", "前K个高频元素\前K个高频元素.csproj", "{5B2B5D2B-C2EB-4BD0-903E-3FB773449223}"
EndProject
Project("{9A19103F-16F7-4668-BE54-9A1E7A4F7556}") = "好数对的数目", "好数对的数目\好数对的数目.csproj", "{4286B3B8-FA68-4D99-B4D7-AF230B7B27A6}"
EndProject
Project("{9A19103F-16F7-4668-BE54-9A1E7A4F7556}") = "有效的括号", "有效的括号\有效的括号.csproj", "{DD117359-836B-46F0-A95C-A7F18C03EF79}"
EndProject
Project("{9A19103F-16F7-4668-BE54-9A1E7A4F7556}") = "剑指Offer05.替换空格", "剑指Offer05.替换空格\剑指Offer05.替换空格.csproj", "{F28438BD-9086-4C9F-AD1E-F34A18BCC482}"
EndProject
Project("{9A19103F-16F7-4668-BE54-9A1E7A4F7556}") = "剑指Offer10-II.青蛙跳台阶", "剑指Offer10-II.青蛙跳台阶\剑指Offer10-II.青蛙跳台阶.csproj", "{B57DB0E7-F8DC-4022-9954-B43CB5C6F6FD}"
EndProject
Project("{9A19103F-16F7-4668-BE54-9A1E7A4F7556}") = "剑指 Offer 10- I. 斐波那契数列", "剑指 Offer 10- I. 斐波那契数列\剑指 Offer 10- I. 斐波那契数列.csproj", "{29255399-C194-4FA1-985A-D5B7B0539535}"
EndProject
Project("{9A19103F-16F7-4668-BE54-9A1E7A4F7556}") = "剑指 Offer 18. 删除链表的节点", "剑指 Offer 18. 删除链表的节点\剑指 Offer 18. 删除链表的节点.csproj", "{7B19A9B3-2947-4A3B-879D-99AEB9CF7C02}"
EndProject
Project("{9A19103F-16F7-4668-BE54-9A1E7A4F7556}") = "剑指 Offer 04. 二维数组中的查找", "剑指 Offer 04. 二维数组中的查找\剑指 Offer 04. 二维数组中的查找.csproj", "{D91D2EF9-A4B0-43AC-84C8-BA0C49E12BAC}"
EndProject
Project("{9A19103F-16F7-4668-BE54-9A1E7A4F7556}") = "剑指 Offer 17. 打印从1到最大的n位数", "剑指 Offer 17. 打印从1到最大的n位数\剑指 Offer 17. 打印从1到最大的n位数.csproj", "{AA42959B-9D28-4657-9721-B6FFDF2F59DB}"
EndProject
Project("{9A19103F-16F7-4668-BE54-9A1E7A4F7556}") = "剑指 Offer 24. 反转链表", "剑指 Offer 24. 反转链表\剑指 Offer 24. 反转链表.csproj", "{2C683E82-371F-411D-BC20-6012F94B859F}"
EndProject
Project("{FAE04EC0-301F-11D3-BF4B-00C04F79EFBC}") = "剑指 Offer 03. 数组中重复的数字", "剑指 Offer 03. 数组中重复的数字\剑指 Offer 03. 数组中重复的数字.csproj", "{4122325B-5B1F-4CEB-9B4C-A1DD04E3B288}"
EndProject
Global
	GlobalSection(SolutionConfigurationPlatforms) = preSolution
		Debug|Any CPU = Debug|Any CPU
		Release|Any CPU = Release|Any CPU
	EndGlobalSection
	GlobalSection(ProjectConfigurationPlatforms) = postSolution
		{7096AA10-7CC4-4D3D-817D-FC1594CF03FE}.Debug|Any CPU.ActiveCfg = Debug|Any CPU
		{7096AA10-7CC4-4D3D-817D-FC1594CF03FE}.Debug|Any CPU.Build.0 = Debug|Any CPU
		{7096AA10-7CC4-4D3D-817D-FC1594CF03FE}.Release|Any CPU.ActiveCfg = Release|Any CPU
		{7096AA10-7CC4-4D3D-817D-FC1594CF03FE}.Release|Any CPU.Build.0 = Release|Any CPU
		{111D2934-D9F8-442F-B5AD-AC6C02DBB210}.Debug|Any CPU.ActiveCfg = Debug|Any CPU
		{111D2934-D9F8-442F-B5AD-AC6C02DBB210}.Debug|Any CPU.Build.0 = Debug|Any CPU
		{111D2934-D9F8-442F-B5AD-AC6C02DBB210}.Release|Any CPU.ActiveCfg = Release|Any CPU
		{111D2934-D9F8-442F-B5AD-AC6C02DBB210}.Release|Any CPU.Build.0 = Release|Any CPU
		{35499B0C-F96E-41DC-850A-DAC9EEA16B05}.Debug|Any CPU.ActiveCfg = Debug|Any CPU
		{35499B0C-F96E-41DC-850A-DAC9EEA16B05}.Debug|Any CPU.Build.0 = Debug|Any CPU
		{35499B0C-F96E-41DC-850A-DAC9EEA16B05}.Release|Any CPU.ActiveCfg = Release|Any CPU
		{35499B0C-F96E-41DC-850A-DAC9EEA16B05}.Release|Any CPU.Build.0 = Release|Any CPU
		{F2B37EDD-F5F5-4A09-A67D-616DB8C23DA3}.Debug|Any CPU.ActiveCfg = Debug|Any CPU
		{F2B37EDD-F5F5-4A09-A67D-616DB8C23DA3}.Debug|Any CPU.Build.0 = Debug|Any CPU
		{F2B37EDD-F5F5-4A09-A67D-616DB8C23DA3}.Release|Any CPU.ActiveCfg = Release|Any CPU
		{F2B37EDD-F5F5-4A09-A67D-616DB8C23DA3}.Release|Any CPU.Build.0 = Release|Any CPU
		{5E91CB97-672C-40FC-8614-81D7E217CA7D}.Debug|Any CPU.ActiveCfg = Debug|Any CPU
		{5E91CB97-672C-40FC-8614-81D7E217CA7D}.Debug|Any CPU.Build.0 = Debug|Any CPU
		{5E91CB97-672C-40FC-8614-81D7E217CA7D}.Release|Any CPU.ActiveCfg = Release|Any CPU
		{5E91CB97-672C-40FC-8614-81D7E217CA7D}.Release|Any CPU.Build.0 = Release|Any CPU
		{1D6F6B71-5FA3-4EB3-BBB7-CCA40011B351}.Debug|Any CPU.ActiveCfg = Debug|Any CPU
		{1D6F6B71-5FA3-4EB3-BBB7-CCA40011B351}.Debug|Any CPU.Build.0 = Debug|Any CPU
		{1D6F6B71-5FA3-4EB3-BBB7-CCA40011B351}.Release|Any CPU.ActiveCfg = Release|Any CPU
		{1D6F6B71-5FA3-4EB3-BBB7-CCA40011B351}.Release|Any CPU.Build.0 = Release|Any CPU
		{5B2B5D2B-C2EB-4BD0-903E-3FB773449223}.Debug|Any CPU.ActiveCfg = Debug|Any CPU
		{5B2B5D2B-C2EB-4BD0-903E-3FB773449223}.Debug|Any CPU.Build.0 = Debug|Any CPU
		{5B2B5D2B-C2EB-4BD0-903E-3FB773449223}.Release|Any CPU.ActiveCfg = Release|Any CPU
		{5B2B5D2B-C2EB-4BD0-903E-3FB773449223}.Release|Any CPU.Build.0 = Release|Any CPU
		{4286B3B8-FA68-4D99-B4D7-AF230B7B27A6}.Debug|Any CPU.ActiveCfg = Debug|Any CPU
		{4286B3B8-FA68-4D99-B4D7-AF230B7B27A6}.Debug|Any CPU.Build.0 = Debug|Any CPU
		{4286B3B8-FA68-4D99-B4D7-AF230B7B27A6}.Release|Any CPU.ActiveCfg = Release|Any CPU
		{4286B3B8-FA68-4D99-B4D7-AF230B7B27A6}.Release|Any CPU.Build.0 = Release|Any CPU
		{DD117359-836B-46F0-A95C-A7F18C03EF79}.Debug|Any CPU.ActiveCfg = Debug|Any CPU
		{DD117359-836B-46F0-A95C-A7F18C03EF79}.Debug|Any CPU.Build.0 = Debug|Any CPU
		{DD117359-836B-46F0-A95C-A7F18C03EF79}.Release|Any CPU.ActiveCfg = Release|Any CPU
		{DD117359-836B-46F0-A95C-A7F18C03EF79}.Release|Any CPU.Build.0 = Release|Any CPU
		{F28438BD-9086-4C9F-AD1E-F34A18BCC482}.Debug|Any CPU.ActiveCfg = Debug|Any CPU
		{F28438BD-9086-4C9F-AD1E-F34A18BCC482}.Debug|Any CPU.Build.0 = Debug|Any CPU
		{F28438BD-9086-4C9F-AD1E-F34A18BCC482}.Release|Any CPU.ActiveCfg = Release|Any CPU
		{F28438BD-9086-4C9F-AD1E-F34A18BCC482}.Release|Any CPU.Build.0 = Release|Any CPU
		{B57DB0E7-F8DC-4022-9954-B43CB5C6F6FD}.Debug|Any CPU.ActiveCfg = Debug|Any CPU
		{B57DB0E7-F8DC-4022-9954-B43CB5C6F6FD}.Debug|Any CPU.Build.0 = Debug|Any CPU
		{B57DB0E7-F8DC-4022-9954-B43CB5C6F6FD}.Release|Any CPU.ActiveCfg = Release|Any CPU
		{B57DB0E7-F8DC-4022-9954-B43CB5C6F6FD}.Release|Any CPU.Build.0 = Release|Any CPU
		{29255399-C194-4FA1-985A-D5B7B0539535}.Debug|Any CPU.ActiveCfg = Debug|Any CPU
		{29255399-C194-4FA1-985A-D5B7B0539535}.Debug|Any CPU.Build.0 = Debug|Any CPU
		{29255399-C194-4FA1-985A-D5B7B0539535}.Release|Any CPU.ActiveCfg = Release|Any CPU
		{29255399-C194-4FA1-985A-D5B7B0539535}.Release|Any CPU.Build.0 = Release|Any CPU
		{7B19A9B3-2947-4A3B-879D-99AEB9CF7C02}.Debug|Any CPU.ActiveCfg = Debug|Any CPU
		{7B19A9B3-2947-4A3B-879D-99AEB9CF7C02}.Debug|Any CPU.Build.0 = Debug|Any CPU
		{7B19A9B3-2947-4A3B-879D-99AEB9CF7C02}.Release|Any CPU.ActiveCfg = Release|Any CPU
		{7B19A9B3-2947-4A3B-879D-99AEB9CF7C02}.Release|Any CPU.Build.0 = Release|Any CPU
		{D91D2EF9-A4B0-43AC-84C8-BA0C49E12BAC}.Debug|Any CPU.ActiveCfg = Debug|Any CPU
		{D91D2EF9-A4B0-43AC-84C8-BA0C49E12BAC}.Debug|Any CPU.Build.0 = Debug|Any CPU
		{D91D2EF9-A4B0-43AC-84C8-BA0C49E12BAC}.Release|Any CPU.ActiveCfg = Release|Any CPU
		{D91D2EF9-A4B0-43AC-84C8-BA0C49E12BAC}.Release|Any CPU.Build.0 = Release|Any CPU
		{AA42959B-9D28-4657-9721-B6FFDF2F59DB}.Debug|Any CPU.ActiveCfg = Debug|Any CPU
		{AA42959B-9D28-4657-9721-B6FFDF2F59DB}.Debug|Any CPU.Build.0 = Debug|Any CPU
		{AA42959B-9D28-4657-9721-B6FFDF2F59DB}.Release|Any CPU.ActiveCfg = Release|Any CPU
		{AA42959B-9D28-4657-9721-B6FFDF2F59DB}.Release|Any CPU.Build.0 = Release|Any CPU
		{2C683E82-371F-411D-BC20-6012F94B859F}.Debug|Any CPU.ActiveCfg = Debug|Any CPU
		{2C683E82-371F-411D-BC20-6012F94B859F}.Debug|Any CPU.Build.0 = Debug|Any CPU
		{2C683E82-371F-411D-BC20-6012F94B859F}.Release|Any CPU.ActiveCfg = Release|Any CPU
		{2C683E82-371F-411D-BC20-6012F94B859F}.Release|Any CPU.Build.0 = Release|Any CPU
		{4122325B-5B1F-4CEB-9B4C-A1DD04E3B288}.Debug|Any CPU.ActiveCfg = Debug|Any CPU
		{4122325B-5B1F-4CEB-9B4C-A1DD04E3B288}.Debug|Any CPU.Build.0 = Debug|Any CPU
		{4122325B-5B1F-4CEB-9B4C-A1DD04E3B288}.Release|Any CPU.ActiveCfg = Release|Any CPU
		{4122325B-5B1F-4CEB-9B4C-A1DD04E3B288}.Release|Any CPU.Build.0 = Release|Any CPU
	EndGlobalSection
	GlobalSection(SolutionProperties) = preSolution
		HideSolutionNode = FALSE
	EndGlobalSection
	GlobalSection(ExtensibilityGlobals) = postSolution
		SolutionGuid = {84C819A6-88AF-4A6D-9954-11141AB34051}
	EndGlobalSection
EndGlobal
