
Microsoft Visual Studio Solution File, Format Version 12.00
# Visual Studio Version 16
VisualStudioVersion = 16.0.30330.147
MinimumVisualStudioVersion = 10.0.40219.1
Project("{9A19103F-16F7-4668-BE54-9A1E7A4F7556}") = "旋转矩阵", "旋转矩阵\旋转矩阵.csproj", "{7096AA10-7CC4-4D3D-817D-FC1594CF03FE}"
EndProject
Project("{9A19103F-16F7-4668-BE54-9A1E7A4F7556}") = "整数反转", "整数反转\整数反转.csproj", "{111D2934-D9F8-442F-B5AD-AC6C02DBB210}"
EndProject
Project("{9A19103F-16F7-4668-BE54-9A1E7A4F7556}") = "回文数", "回文数\回文数.csproj", "{35499B0C-F96E-41DC-850A-DAC9EEA16B05}"
EndProject
Project("{9A19103F-16F7-4668-BE54-9A1E7A4F7556}") = "二叉树的所有路径", "二叉树的所有路径\二叉树的所有路径.csproj", "{F2B37EDD-F5F5-4A09-A67D-616DB8C23DA3}"
EndProject
Project("{9A19103F-16F7-4668-BE54-9A1E7A4F7556}") = "移除元素", "移除元素\移除元素.csproj", "{5E91CB97-672C-40FC-8614-81D7E217CA7D}"
EndProject
Project("{9A19103F-16F7-4668-BE54-9A1E7A4F7556}") = "二叉树的层次遍历II", "二叉树的层次遍历II\二叉树的层次遍历II.csproj", "{1D6F6B71-5FA3-4EB3-BBB7-CCA40011B351}"
EndProject
Project("{9A19103F-16F7-4668-BE54-9A1E7A4F7556}") = "前K个高频元素", "前K个高频元素\前K个高频元素.csproj", "{5B2B5D2B-C2EB-4BD0-903E-3FB773449223}"
EndProject
Project("{9A19103F-16F7-4668-BE54-9A1E7A4F7556}") = "好数对的数目", "好数对的数目\好数对的数目.csproj", "{4286B3B8-FA68-4D99-B4D7-AF230B7B27A6}"
EndProject
Project("{9A19103F-16F7-4668-BE54-9A1E7A4F7556}") = "有效的括号", "有效的括号\有效的括号.csproj", "{DD117359-836B-46F0-A95C-A7F18C03EF79}"
EndProject
Project("{9A19103F-16F7-4668-BE54-9A1E7A4F7556}") = "剑指Offer05.替换空格", "剑指Offer05.替换空格\剑指Offer05.替换空格.csproj", "{F28438BD-9086-4C9F-AD1E-F34A18BCC482}"
EndProject
Project("{9A19103F-16F7-4668-BE54-9A1E7A4F7556}") = "剑指Offer10-II.青蛙跳台阶", "剑指Offer10-II.青蛙跳台阶\剑指Offer10-II.青蛙跳台阶.csproj", "{B57DB0E7-F8DC-4022-9954-B43CB5C6F6FD}"
EndProject
Project("{9A19103F-16F7-4668-BE54-9A1E7A4F7556}") = "剑指 Offer 10- I. 斐波那契数列", "剑指 Offer 10- I. 斐波那契数列\剑指 Offer 10- I. 斐波那契数列.csproj", "{29255399-C194-4FA1-985A-D5B7B0539535}"
EndProject
Project("{9A19103F-16F7-4668-BE54-9A1E7A4F7556}") = "剑指 Offer 18. 删除链表的节点", "剑指 Offer 18. 删除链表的节点\剑指 Offer 18. 删除链表的节点.csproj", "{7B19A9B3-2947-4A3B-879D-99AEB9CF7C02}"
EndProject
Project("{9A19103F-16F7-4668-BE54-9A1E7A4F7556}") = "剑指 Offer 04. 二维数组中的查找", "剑指 Offer 04. 二维数组中的查找\剑指 Offer 04. 二维数组中的查找.csproj", "{D91D2EF9-A4B0-43AC-84C8-BA0C49E12BAC}"
EndProject
Project("{9A19103F-16F7-4668-BE54-9A1E7A4F7556}") = "剑指 Offer 17. 打印从1到最大的n位数", "剑指 Offer 17. 打印从1到最大的n位数\剑指 Offer 17. 打印从1到最大的n位数.csproj", "{AA42959B-9D28-4657-9721-B6FFDF2F59DB}"
EndProject
Project("{9A19103F-16F7-4668-BE54-9A1E7A4F7556}") = "剑指 Offer 24. 反转链表", "剑指 Offer 24. 反转链表\剑指 Offer 24. 反转链表.csproj", "{2C683E82-371F-411D-BC20-6012F94B859F}"
EndProject
Project("{9A19103F-16F7-4668-BE54-9A1E7A4F7556}") = "剑指 Offer 03. 数组中重复的数字", "剑指 Offer 03. 数组中重复的数字\剑指 Offer 03. 数组中重复的数字.csproj", "{4122325B-5B1F-4CEB-9B4C-A1DD04E3B288}"
EndProject
Project("{9A19103F-16F7-4668-BE54-9A1E7A4F7556}") = "剑指 Offer 06. 从尾到头打印链表", "剑指 Offer 06. 从尾到头打印链表\剑指 Offer 06. 从尾到头打印链表.csproj", "{25E67E63-EA33-4D26-B13F-016B6229AF0A}"
EndProject
Project("{9A19103F-16F7-4668-BE54-9A1E7A4F7556}") = "剑指 Offer 58 - I. 翻转单词顺序", "剑指 Offer 58 - I. 翻转单词顺序\剑指 Offer 58 - I. 翻转单词顺序.csproj", "{9C5DDE24-7D3D-4DAD-A7F5-D9987D94F679}"
EndProject
Project("{9A19103F-16F7-4668-BE54-9A1E7A4F7556}") = "剑指 Offer 22. 链表中倒数第k个节点", "剑指 Offer 22. 链表中倒数第k个节点\剑指 Offer 22. 链表中倒数第k个节点.csproj", "{D1A7B99E-F6CA-4A68-BC4B-61124B98C199}"
EndProject
Project("{9A19103F-16F7-4668-BE54-9A1E7A4F7556}") = "剑指 Offer 25. 合并两个排序的链表", "剑指 Offer 25. 合并两个排序的链表\剑指 Offer 25. 合并两个排序的链表.csproj", "{B5B49D6D-E88E-4FDA-85ED-C3B88B75F0AD}"
EndProject
Project("{9A19103F-16F7-4668-BE54-9A1E7A4F7556}") = "剑指 Offer 09. 用两个栈实现队列", "剑指 Offer 09. 用两个栈实现队列\剑指 Offer 09. 用两个栈实现队列.csproj", "{BFD26F42-4054-4B78-A7F3-0F77D05954D0}"
EndProject
Project("{9A19103F-16F7-4668-BE54-9A1E7A4F7556}") = "剑指 Offer 52. 两个链表的第一个公共节点", "剑指 Offer 52. 两个链表的第一个公共节点\剑指 Offer 52. 两个链表的第一个公共节点.csproj", "{18C0446A-7445-4EB1-B109-EAF51B9D05B1}"
EndProject
Project("{9A19103F-16F7-4668-BE54-9A1E7A4F7556}") = "剑指 Offer 50. 第一个只出现一次的字符", "剑指 Offer 50. 第一个只出现一次的字符\剑指 Offer 50. 第一个只出现一次的字符.csproj", "{4BD69029-D278-4458-847D-F29ED699F694}"
EndProject
Project("{9A19103F-16F7-4668-BE54-9A1E7A4F7556}") = "剑指 Offer 39. 数组中出现次数超过一半的数字", "剑指 Offer 39. 数组中出现次数超过一半的数字\剑指 Offer 39. 数组中出现次数超过一半的数字.csproj", "{21CFD828-3585-4E5C-BA57-36F233F99695}"
EndProject
Project("{9A19103F-16F7-4668-BE54-9A1E7A4F7556}") = "剑指 Offer 40. 最小的k个数", "剑指 Offer 40. 最小的k个数\剑指 Offer 40. 最小的k个数.csproj", "{8B1796B5-F29B-41E1-BCD7-BFC9FC9C4852}"
EndProject
Project("{9A19103F-16F7-4668-BE54-9A1E7A4F7556}") = "剑指 Offer 57. 和为s的两个数字", "剑指 Offer 57. 和为s的两个数字\剑指 Offer 57. 和为s的两个数字.csproj", "{9AAEECE9-7F30-4D02-8286-47BECD7FAAEA}"
EndProject
Project("{9A19103F-16F7-4668-BE54-9A1E7A4F7556}") = "剑指 Offer 21. 调整数组顺序使奇数位于偶数前面", "剑指 Offer 21. 调整数组顺序使奇数位于偶数前面\剑指 Offer 21. 调整数组顺序使奇数位于偶数前面.csproj", "{09AD3248-FF48-4E84-B5E0-A6B8C5EE6BAA}"
EndProject
Project("{9A19103F-16F7-4668-BE54-9A1E7A4F7556}") = "剑指 Offer 58 - II. 左旋转字符串", "剑指 Offer 58 - II. 左旋转字符串\剑指 Offer 58 - II. 左旋转字符串.csproj", "{7F12B046-E629-446C-BD7D-5CF6B656C78C}"
EndProject
Project("{9A19103F-16F7-4668-BE54-9A1E7A4F7556}") = "剑指 Offer 62. 圆圈中最后剩下的数字", "剑指 Offer 62. 圆圈中最后剩下的数字\剑指 Offer 62. 圆圈中最后剩下的数字.csproj", "{E91A03CB-26C3-407B-BF64-7F84B6B1F560}"
EndProject
Project("{9A19103F-16F7-4668-BE54-9A1E7A4F7556}") = "剑指 Offer 15. 二进制中1的个数", "剑指 Offer 15. 二进制中1的个数\剑指 Offer 15. 二进制中1的个数.csproj", "{AC90ED16-29E4-4E1E-8FEB-FF8791957C73}"
EndProject
Project("{9A19103F-16F7-4668-BE54-9A1E7A4F7556}") = "剑指 Offer 31. 栈的压入、弹出序列", "剑指 Offer 31. 栈的压入、弹出序列\剑指 Offer 31. 栈的压入、弹出序列.csproj", "{5AA19A94-0322-46F2-BDB5-1D21F0114890}"
EndProject
Project("{9A19103F-16F7-4668-BE54-9A1E7A4F7556}") = "剑指 Offer 42. 连续子数组的最大和", "剑指 Offer 42. 连续子数组的最大和\剑指 Offer 42. 连续子数组的最大和.csproj", "{80118BC9-817F-45F8-974F-CAFAD06DBA65}"
EndProject
Project("{9A19103F-16F7-4668-BE54-9A1E7A4F7556}") = "5515. 设计停车系统", "5515. 设计停车系统\5515. 设计停车系统.csproj", "{12115E79-0198-4AF9-B785-3DC0B8A3C378}"
EndProject
Project("{9A19103F-16F7-4668-BE54-9A1E7A4F7556}") = "剑指 Offer 30. 包含min函数的栈", "剑指 Offer 30. 包含min函数的栈\剑指 Offer 30. 包含min函数的栈.csproj", "{43BF75A0-78D5-4683-9452-6F6BE37CEADD}"
EndProject
Project("{9A19103F-16F7-4668-BE54-9A1E7A4F7556}") = "70. 爬楼梯", "70. 爬楼梯\70. 爬楼梯.csproj", "{185A2EE2-F2C4-4F7B-8231-87FEF053E581}"
EndProject
Project("{FAE04EC0-301F-11D3-BF4B-00C04F79EFBC}") = "66. 加一", "66. 加一\66. 加一.csproj", "{67A5B39F-0B6F-4D41-9866-CF98081D18B6}"
EndProject
Global
	GlobalSection(SolutionConfigurationPlatforms) = preSolution
		Debug|Any CPU = Debug|Any CPU
		Release|Any CPU = Release|Any CPU
	EndGlobalSection
	GlobalSection(ProjectConfigurationPlatforms) = postSolution
		{7096AA10-7CC4-4D3D-817D-FC1594CF03FE}.Debug|Any CPU.ActiveCfg = Debug|Any CPU
		{7096AA10-7CC4-4D3D-817D-FC1594CF03FE}.Debug|Any CPU.Build.0 = Debug|Any CPU
		{7096AA10-7CC4-4D3D-817D-FC1594CF03FE}.Release|Any CPU.ActiveCfg = Release|Any CPU
		{7096AA10-7CC4-4D3D-817D-FC1594CF03FE}.Release|Any CPU.Build.0 = Release|Any CPU
		{111D2934-D9F8-442F-B5AD-AC6C02DBB210}.Debug|Any CPU.ActiveCfg = Debug|Any CPU
		{111D2934-D9F8-442F-B5AD-AC6C02DBB210}.Debug|Any CPU.Build.0 = Debug|Any CPU
		{111D2934-D9F8-442F-B5AD-AC6C02DBB210}.Release|Any CPU.ActiveCfg = Release|Any CPU
		{111D2934-D9F8-442F-B5AD-AC6C02DBB210}.Release|Any CPU.Build.0 = Release|Any CPU
		{35499B0C-F96E-41DC-850A-DAC9EEA16B05}.Debug|Any CPU.ActiveCfg = Debug|Any CPU
		{35499B0C-F96E-41DC-850A-DAC9EEA16B05}.Debug|Any CPU.Build.0 = Debug|Any CPU
		{35499B0C-F96E-41DC-850A-DAC9EEA16B05}.Release|Any CPU.ActiveCfg = Release|Any CPU
		{35499B0C-F96E-41DC-850A-DAC9EEA16B05}.Release|Any CPU.Build.0 = Release|Any CPU
		{F2B37EDD-F5F5-4A09-A67D-616DB8C23DA3}.Debug|Any CPU.ActiveCfg = Debug|Any CPU
		{F2B37EDD-F5F5-4A09-A67D-616DB8C23DA3}.Debug|Any CPU.Build.0 = Debug|Any CPU
		{F2B37EDD-F5F5-4A09-A67D-616DB8C23DA3}.Release|Any CPU.ActiveCfg = Release|Any CPU
		{F2B37EDD-F5F5-4A09-A67D-616DB8C23DA3}.Release|Any CPU.Build.0 = Release|Any CPU
		{5E91CB97-672C-40FC-8614-81D7E217CA7D}.Debug|Any CPU.ActiveCfg = Debug|Any CPU
		{5E91CB97-672C-40FC-8614-81D7E217CA7D}.Debug|Any CPU.Build.0 = Debug|Any CPU
		{5E91CB97-672C-40FC-8614-81D7E217CA7D}.Release|Any CPU.ActiveCfg = Release|Any CPU
		{5E91CB97-672C-40FC-8614-81D7E217CA7D}.Release|Any CPU.Build.0 = Release|Any CPU
		{1D6F6B71-5FA3-4EB3-BBB7-CCA40011B351}.Debug|Any CPU.ActiveCfg = Debug|Any CPU
		{1D6F6B71-5FA3-4EB3-BBB7-CCA40011B351}.Debug|Any CPU.Build.0 = Debug|Any CPU
		{1D6F6B71-5FA3-4EB3-BBB7-CCA40011B351}.Release|Any CPU.ActiveCfg = Release|Any CPU
		{1D6F6B71-5FA3-4EB3-BBB7-CCA40011B351}.Release|Any CPU.Build.0 = Release|Any CPU
		{5B2B5D2B-C2EB-4BD0-903E-3FB773449223}.Debug|Any CPU.ActiveCfg = Debug|Any CPU
		{5B2B5D2B-C2EB-4BD0-903E-3FB773449223}.Debug|Any CPU.Build.0 = Debug|Any CPU
		{5B2B5D2B-C2EB-4BD0-903E-3FB773449223}.Release|Any CPU.ActiveCfg = Release|Any CPU
		{5B2B5D2B-C2EB-4BD0-903E-3FB773449223}.Release|Any CPU.Build.0 = Release|Any CPU
		{4286B3B8-FA68-4D99-B4D7-AF230B7B27A6}.Debug|Any CPU.ActiveCfg = Debug|Any CPU
		{4286B3B8-FA68-4D99-B4D7-AF230B7B27A6}.Debug|Any CPU.Build.0 = Debug|Any CPU
		{4286B3B8-FA68-4D99-B4D7-AF230B7B27A6}.Release|Any CPU.ActiveCfg = Release|Any CPU
		{4286B3B8-FA68-4D99-B4D7-AF230B7B27A6}.Release|Any CPU.Build.0 = Release|Any CPU
		{DD117359-836B-46F0-A95C-A7F18C03EF79}.Debug|Any CPU.ActiveCfg = Debug|Any CPU
		{DD117359-836B-46F0-A95C-A7F18C03EF79}.Debug|Any CPU.Build.0 = Debug|Any CPU
		{DD117359-836B-46F0-A95C-A7F18C03EF79}.Release|Any CPU.ActiveCfg = Release|Any CPU
		{DD117359-836B-46F0-A95C-A7F18C03EF79}.Release|Any CPU.Build.0 = Release|Any CPU
		{F28438BD-9086-4C9F-AD1E-F34A18BCC482}.Debug|Any CPU.ActiveCfg = Debug|Any CPU
		{F28438BD-9086-4C9F-AD1E-F34A18BCC482}.Debug|Any CPU.Build.0 = Debug|Any CPU
		{F28438BD-9086-4C9F-AD1E-F34A18BCC482}.Release|Any CPU.ActiveCfg = Release|Any CPU
		{F28438BD-9086-4C9F-AD1E-F34A18BCC482}.Release|Any CPU.Build.0 = Release|Any CPU
		{B57DB0E7-F8DC-4022-9954-B43CB5C6F6FD}.Debug|Any CPU.ActiveCfg = Debug|Any CPU
		{B57DB0E7-F8DC-4022-9954-B43CB5C6F6FD}.Debug|Any CPU.Build.0 = Debug|Any CPU
		{B57DB0E7-F8DC-4022-9954-B43CB5C6F6FD}.Release|Any CPU.ActiveCfg = Release|Any CPU
		{B57DB0E7-F8DC-4022-9954-B43CB5C6F6FD}.Release|Any CPU.Build.0 = Release|Any CPU
		{29255399-C194-4FA1-985A-D5B7B0539535}.Debug|Any CPU.ActiveCfg = Debug|Any CPU
		{29255399-C194-4FA1-985A-D5B7B0539535}.Debug|Any CPU.Build.0 = Debug|Any CPU
		{29255399-C194-4FA1-985A-D5B7B0539535}.Release|Any CPU.ActiveCfg = Release|Any CPU
		{29255399-C194-4FA1-985A-D5B7B0539535}.Release|Any CPU.Build.0 = Release|Any CPU
		{7B19A9B3-2947-4A3B-879D-99AEB9CF7C02}.Debug|Any CPU.ActiveCfg = Debug|Any CPU
		{7B19A9B3-2947-4A3B-879D-99AEB9CF7C02}.Debug|Any CPU.Build.0 = Debug|Any CPU
		{7B19A9B3-2947-4A3B-879D-99AEB9CF7C02}.Release|Any CPU.ActiveCfg = Release|Any CPU
		{7B19A9B3-2947-4A3B-879D-99AEB9CF7C02}.Release|Any CPU.Build.0 = Release|Any CPU
		{D91D2EF9-A4B0-43AC-84C8-BA0C49E12BAC}.Debug|Any CPU.ActiveCfg = Debug|Any CPU
		{D91D2EF9-A4B0-43AC-84C8-BA0C49E12BAC}.Debug|Any CPU.Build.0 = Debug|Any CPU
		{D91D2EF9-A4B0-43AC-84C8-BA0C49E12BAC}.Release|Any CPU.ActiveCfg = Release|Any CPU
		{D91D2EF9-A4B0-43AC-84C8-BA0C49E12BAC}.Release|Any CPU.Build.0 = Release|Any CPU
		{AA42959B-9D28-4657-9721-B6FFDF2F59DB}.Debug|Any CPU.ActiveCfg = Debug|Any CPU
		{AA42959B-9D28-4657-9721-B6FFDF2F59DB}.Debug|Any CPU.Build.0 = Debug|Any CPU
		{AA42959B-9D28-4657-9721-B6FFDF2F59DB}.Release|Any CPU.ActiveCfg = Release|Any CPU
		{AA42959B-9D28-4657-9721-B6FFDF2F59DB}.Release|Any CPU.Build.0 = Release|Any CPU
		{2C683E82-371F-411D-BC20-6012F94B859F}.Debug|Any CPU.ActiveCfg = Debug|Any CPU
		{2C683E82-371F-411D-BC20-6012F94B859F}.Debug|Any CPU.Build.0 = Debug|Any CPU
		{2C683E82-371F-411D-BC20-6012F94B859F}.Release|Any CPU.ActiveCfg = Release|Any CPU
		{2C683E82-371F-411D-BC20-6012F94B859F}.Release|Any CPU.Build.0 = Release|Any CPU
		{4122325B-5B1F-4CEB-9B4C-A1DD04E3B288}.Debug|Any CPU.ActiveCfg = Debug|Any CPU
		{4122325B-5B1F-4CEB-9B4C-A1DD04E3B288}.Debug|Any CPU.Build.0 = Debug|Any CPU
		{4122325B-5B1F-4CEB-9B4C-A1DD04E3B288}.Release|Any CPU.ActiveCfg = Release|Any CPU
		{4122325B-5B1F-4CEB-9B4C-A1DD04E3B288}.Release|Any CPU.Build.0 = Release|Any CPU
		{25E67E63-EA33-4D26-B13F-016B6229AF0A}.Debug|Any CPU.ActiveCfg = Debug|Any CPU
		{25E67E63-EA33-4D26-B13F-016B6229AF0A}.Debug|Any CPU.Build.0 = Debug|Any CPU
		{25E67E63-EA33-4D26-B13F-016B6229AF0A}.Release|Any CPU.ActiveCfg = Release|Any CPU
		{25E67E63-EA33-4D26-B13F-016B6229AF0A}.Release|Any CPU.Build.0 = Release|Any CPU
		{9C5DDE24-7D3D-4DAD-A7F5-D9987D94F679}.Debug|Any CPU.ActiveCfg = Debug|Any CPU
		{9C5DDE24-7D3D-4DAD-A7F5-D9987D94F679}.Debug|Any CPU.Build.0 = Debug|Any CPU
		{9C5DDE24-7D3D-4DAD-A7F5-D9987D94F679}.Release|Any CPU.ActiveCfg = Release|Any CPU
		{9C5DDE24-7D3D-4DAD-A7F5-D9987D94F679}.Release|Any CPU.Build.0 = Release|Any CPU
		{D1A7B99E-F6CA-4A68-BC4B-61124B98C199}.Debug|Any CPU.ActiveCfg = Debug|Any CPU
		{D1A7B99E-F6CA-4A68-BC4B-61124B98C199}.Debug|Any CPU.Build.0 = Debug|Any CPU
		{D1A7B99E-F6CA-4A68-BC4B-61124B98C199}.Release|Any CPU.ActiveCfg = Release|Any CPU
		{D1A7B99E-F6CA-4A68-BC4B-61124B98C199}.Release|Any CPU.Build.0 = Release|Any CPU
		{B5B49D6D-E88E-4FDA-85ED-C3B88B75F0AD}.Debug|Any CPU.ActiveCfg = Debug|Any CPU
		{B5B49D6D-E88E-4FDA-85ED-C3B88B75F0AD}.Debug|Any CPU.Build.0 = Debug|Any CPU
		{B5B49D6D-E88E-4FDA-85ED-C3B88B75F0AD}.Release|Any CPU.ActiveCfg = Release|Any CPU
		{B5B49D6D-E88E-4FDA-85ED-C3B88B75F0AD}.Release|Any CPU.Build.0 = Release|Any CPU
		{BFD26F42-4054-4B78-A7F3-0F77D05954D0}.Debug|Any CPU.ActiveCfg = Debug|Any CPU
		{BFD26F42-4054-4B78-A7F3-0F77D05954D0}.Debug|Any CPU.Build.0 = Debug|Any CPU
		{BFD26F42-4054-4B78-A7F3-0F77D05954D0}.Release|Any CPU.ActiveCfg = Release|Any CPU
		{BFD26F42-4054-4B78-A7F3-0F77D05954D0}.Release|Any CPU.Build.0 = Release|Any CPU
		{18C0446A-7445-4EB1-B109-EAF51B9D05B1}.Debug|Any CPU.ActiveCfg = Debug|Any CPU
		{18C0446A-7445-4EB1-B109-EAF51B9D05B1}.Debug|Any CPU.Build.0 = Debug|Any CPU
		{18C0446A-7445-4EB1-B109-EAF51B9D05B1}.Release|Any CPU.ActiveCfg = Release|Any CPU
		{18C0446A-7445-4EB1-B109-EAF51B9D05B1}.Release|Any CPU.Build.0 = Release|Any CPU
		{4BD69029-D278-4458-847D-F29ED699F694}.Debug|Any CPU.ActiveCfg = Debug|Any CPU
		{4BD69029-D278-4458-847D-F29ED699F694}.Debug|Any CPU.Build.0 = Debug|Any CPU
		{4BD69029-D278-4458-847D-F29ED699F694}.Release|Any CPU.ActiveCfg = Release|Any CPU
		{4BD69029-D278-4458-847D-F29ED699F694}.Release|Any CPU.Build.0 = Release|Any CPU
		{21CFD828-3585-4E5C-BA57-36F233F99695}.Debug|Any CPU.ActiveCfg = Debug|Any CPU
		{21CFD828-3585-4E5C-BA57-36F233F99695}.Debug|Any CPU.Build.0 = Debug|Any CPU
		{21CFD828-3585-4E5C-BA57-36F233F99695}.Release|Any CPU.ActiveCfg = Release|Any CPU
		{21CFD828-3585-4E5C-BA57-36F233F99695}.Release|Any CPU.Build.0 = Release|Any CPU
		{8B1796B5-F29B-41E1-BCD7-BFC9FC9C4852}.Debug|Any CPU.ActiveCfg = Debug|Any CPU
		{8B1796B5-F29B-41E1-BCD7-BFC9FC9C4852}.Debug|Any CPU.Build.0 = Debug|Any CPU
		{8B1796B5-F29B-41E1-BCD7-BFC9FC9C4852}.Release|Any CPU.ActiveCfg = Release|Any CPU
		{8B1796B5-F29B-41E1-BCD7-BFC9FC9C4852}.Release|Any CPU.Build.0 = Release|Any CPU
		{9AAEECE9-7F30-4D02-8286-47BECD7FAAEA}.Debug|Any CPU.ActiveCfg = Debug|Any CPU
		{9AAEECE9-7F30-4D02-8286-47BECD7FAAEA}.Debug|Any CPU.Build.0 = Debug|Any CPU
		{9AAEECE9-7F30-4D02-8286-47BECD7FAAEA}.Release|Any CPU.ActiveCfg = Release|Any CPU
		{9AAEECE9-7F30-4D02-8286-47BECD7FAAEA}.Release|Any CPU.Build.0 = Release|Any CPU
		{09AD3248-FF48-4E84-B5E0-A6B8C5EE6BAA}.Debug|Any CPU.ActiveCfg = Debug|Any CPU
		{09AD3248-FF48-4E84-B5E0-A6B8C5EE6BAA}.Debug|Any CPU.Build.0 = Debug|Any CPU
		{09AD3248-FF48-4E84-B5E0-A6B8C5EE6BAA}.Release|Any CPU.ActiveCfg = Release|Any CPU
		{09AD3248-FF48-4E84-B5E0-A6B8C5EE6BAA}.Release|Any CPU.Build.0 = Release|Any CPU
		{7F12B046-E629-446C-BD7D-5CF6B656C78C}.Debug|Any CPU.ActiveCfg = Debug|Any CPU
		{7F12B046-E629-446C-BD7D-5CF6B656C78C}.Debug|Any CPU.Build.0 = Debug|Any CPU
		{7F12B046-E629-446C-BD7D-5CF6B656C78C}.Release|Any CPU.ActiveCfg = Release|Any CPU
		{7F12B046-E629-446C-BD7D-5CF6B656C78C}.Release|Any CPU.Build.0 = Release|Any CPU
		{E91A03CB-26C3-407B-BF64-7F84B6B1F560}.Debug|Any CPU.ActiveCfg = Debug|Any CPU
		{E91A03CB-26C3-407B-BF64-7F84B6B1F560}.Debug|Any CPU.Build.0 = Debug|Any CPU
		{E91A03CB-26C3-407B-BF64-7F84B6B1F560}.Release|Any CPU.ActiveCfg = Release|Any CPU
		{E91A03CB-26C3-407B-BF64-7F84B6B1F560}.Release|Any CPU.Build.0 = Release|Any CPU
		{AC90ED16-29E4-4E1E-8FEB-FF8791957C73}.Debug|Any CPU.ActiveCfg = Debug|Any CPU
		{AC90ED16-29E4-4E1E-8FEB-FF8791957C73}.Debug|Any CPU.Build.0 = Debug|Any CPU
		{AC90ED16-29E4-4E1E-8FEB-FF8791957C73}.Release|Any CPU.ActiveCfg = Release|Any CPU
		{AC90ED16-29E4-4E1E-8FEB-FF8791957C73}.Release|Any CPU.Build.0 = Release|Any CPU
		{5AA19A94-0322-46F2-BDB5-1D21F0114890}.Debug|Any CPU.ActiveCfg = Debug|Any CPU
		{5AA19A94-0322-46F2-BDB5-1D21F0114890}.Debug|Any CPU.Build.0 = Debug|Any CPU
		{5AA19A94-0322-46F2-BDB5-1D21F0114890}.Release|Any CPU.ActiveCfg = Release|Any CPU
		{5AA19A94-0322-46F2-BDB5-1D21F0114890}.Release|Any CPU.Build.0 = Release|Any CPU
		{80118BC9-817F-45F8-974F-CAFAD06DBA65}.Debug|Any CPU.ActiveCfg = Debug|Any CPU
		{80118BC9-817F-45F8-974F-CAFAD06DBA65}.Debug|Any CPU.Build.0 = Debug|Any CPU
		{80118BC9-817F-45F8-974F-CAFAD06DBA65}.Release|Any CPU.ActiveCfg = Release|Any CPU
		{80118BC9-817F-45F8-974F-CAFAD06DBA65}.Release|Any CPU.Build.0 = Release|Any CPU
		{12115E79-0198-4AF9-B785-3DC0B8A3C378}.Debug|Any CPU.ActiveCfg = Debug|Any CPU
		{12115E79-0198-4AF9-B785-3DC0B8A3C378}.Debug|Any CPU.Build.0 = Debug|Any CPU
		{12115E79-0198-4AF9-B785-3DC0B8A3C378}.Release|Any CPU.ActiveCfg = Release|Any CPU
		{12115E79-0198-4AF9-B785-3DC0B8A3C378}.Release|Any CPU.Build.0 = Release|Any CPU
		{43BF75A0-78D5-4683-9452-6F6BE37CEADD}.Debug|Any CPU.ActiveCfg = Debug|Any CPU
		{43BF75A0-78D5-4683-9452-6F6BE37CEADD}.Debug|Any CPU.Build.0 = Debug|Any CPU
		{43BF75A0-78D5-4683-9452-6F6BE37CEADD}.Release|Any CPU.ActiveCfg = Release|Any CPU
		{43BF75A0-78D5-4683-9452-6F6BE37CEADD}.Release|Any CPU.Build.0 = Release|Any CPU
		{185A2EE2-F2C4-4F7B-8231-87FEF053E581}.Debug|Any CPU.ActiveCfg = Debug|Any CPU
		{185A2EE2-F2C4-4F7B-8231-87FEF053E581}.Debug|Any CPU.Build.0 = Debug|Any CPU
		{185A2EE2-F2C4-4F7B-8231-87FEF053E581}.Release|Any CPU.ActiveCfg = Release|Any CPU
		{185A2EE2-F2C4-4F7B-8231-87FEF053E581}.Release|Any CPU.Build.0 = Release|Any CPU
		{67A5B39F-0B6F-4D41-9866-CF98081D18B6}.Debug|Any CPU.ActiveCfg = Debug|Any CPU
		{67A5B39F-0B6F-4D41-9866-CF98081D18B6}.Debug|Any CPU.Build.0 = Debug|Any CPU
		{67A5B39F-0B6F-4D41-9866-CF98081D18B6}.Release|Any CPU.ActiveCfg = Release|Any CPU
		{67A5B39F-0B6F-4D41-9866-CF98081D18B6}.Release|Any CPU.Build.0 = Release|Any CPU
	EndGlobalSection
	GlobalSection(SolutionProperties) = preSolution
		HideSolutionNode = FALSE
	EndGlobalSection
	GlobalSection(ExtensibilityGlobals) = postSolution
		SolutionGuid = {84C819A6-88AF-4A6D-9954-11141AB34051}
	EndGlobalSection
EndGlobal
