
Microsoft Visual Studio Solution File, Format Version 12.00
# Visual Studio Version 16
VisualStudioVersion = 16.0.30330.147
MinimumVisualStudioVersion = 10.0.40219.1
Project("{9A19103F-16F7-4668-BE54-9A1E7A4F7556}") = "344. 反转字符串", "344. 反转字符串\344. 反转字符串.csproj", "{B802F98C-C4A6-45E5-925B-C3E6A5C1D2DF}"
EndProject
Project("{9A19103F-16F7-4668-BE54-9A1E7A4F7556}") = "136. 只出现一次的数字", "136. 只出现一次的数字\136. 只出现一次的数字.csproj", "{3ED7C975-ACE9-4E3A-B094-F29CBEF62C4C}"
EndProject
Project("{9A19103F-16F7-4668-BE54-9A1E7A4F7556}") = "1486. 数组异或操作", "1486. 数组异或操作\1486. 数组异或操作.csproj", "{D499C817-E22F-4CE9-A402-8D397811BC76}"
EndProject
Project("{9A19103F-16F7-4668-BE54-9A1E7A4F7556}") = "1108. IP 地址无效化", "1108. IP 地址无效化\1108. IP 地址无效化.csproj", "{3FBF5B4B-1D19-453C-A254-E1651DD0D1BB}"
EndProject
Project("{9A19103F-16F7-4668-BE54-9A1E7A4F7556}") = "LCP 06. 拿硬币", "LCP 06. 拿硬币\LCP 06. 拿硬币.csproj", "{A4AB1E89-FFF1-4665-8133-7360B3DA13DC}"
EndProject
Project("{9A19103F-16F7-4668-BE54-9A1E7A4F7556}") = "125. 验证回文串", "125. 验证回文串\125. 验证回文串.csproj", "{6FFF0AD9-3E8A-4D9F-9ABC-FCD9AFF2F64D}"
EndProject
Project("{9A19103F-16F7-4668-BE54-9A1E7A4F7556}") = "155. 最小栈", "155. 最小栈\155. 最小栈.csproj", "{988EC575-2C7D-4C1A-A151-FC37059F1493}"
EndProject
Project("{9A19103F-16F7-4668-BE54-9A1E7A4F7556}") = "268. 丢失的数字", "268. 丢失的数字\268. 丢失的数字.csproj", "{D2CE3B40-E0A9-49B7-B35C-6141470364EE}"
EndProject
Project("{9A19103F-16F7-4668-BE54-9A1E7A4F7556}") = "1281. 整数的各位积和之差", "1281. 整数的各位积和之差\1281. 整数的各位积和之差.csproj", "{522FF7C6-2C0D-40C6-9BEC-DB3D6BD1B381}"
EndProject
Project("{9A19103F-16F7-4668-BE54-9A1E7A4F7556}") = "463. 岛屿的周长", "463. 岛屿的周长\463. 岛屿的周长.csproj", "{2B4F5413-AC8A-4720-BD4C-19BD6040BDA0}"
EndProject
Project("{9A19103F-16F7-4668-BE54-9A1E7A4F7556}") = "1365. 有多少小于当前数字的数字", "1365. 有多少小于当前数字的数字\1365. 有多少小于当前数字的数字.csproj", "{C4623FA9-2584-4EA7-815F-C58C1500D23E}"
EndProject
Project("{9A19103F-16F7-4668-BE54-9A1E7A4F7556}") = "1313. 解压缩编码列表", "1313. 解压缩编码列表\1313. 解压缩编码列表.csproj", "{6D214E2E-E30F-4C4B-B1B2-DD6320B22A70}"
EndProject
Project("{9A19103F-16F7-4668-BE54-9A1E7A4F7556}") = "1389. 按既定顺序创建目标数组", "1389. 按既定顺序创建目标数组\1389. 按既定顺序创建目标数组.csproj", "{5B3499BB-8227-45AD-84C7-CBA95C2BB765}"
EndProject
Project("{9A19103F-16F7-4668-BE54-9A1E7A4F7556}") = "1614. 括号的最大嵌套深度", "1614. 括号的最大嵌套深度\1614. 括号的最大嵌套深度.csproj", "{9B3DE98E-CA85-4CE5-8422-DF95F0117C06}"
EndProject
Project("{9A19103F-16F7-4668-BE54-9A1E7A4F7556}") = "1342. 将数字变成 0 的操作次数", "1342. 将数字变成 0 的操作次数\1342. 将数字变成 0 的操作次数.csproj", "{1A8F6FDE-EC14-4C03-B787-46BC433733AC}"
EndProject
Project("{9A19103F-16F7-4668-BE54-9A1E7A4F7556}") = "1266. 访问所有点的最小时间", "1266. 访问所有点的最小时间\1266. 访问所有点的最小时间.csproj", "{1628D080-933A-442D-9CCF-4E4C5978AAEC}"
EndProject
Project("{9A19103F-16F7-4668-BE54-9A1E7A4F7556}") = "1588. 所有奇数长度子数组的和", "1588. 所有奇数长度子数组的和\1588. 所有奇数长度子数组的和.csproj", "{E06F26A9-4402-4A9F-B6EE-3CAC9F00B1BE}"
EndProject
Project("{9A19103F-16F7-4668-BE54-9A1E7A4F7556}") = "1295. 统计位数为偶数的数字", "1295. 统计位数为偶数的数字\1295. 统计位数为偶数的数字.csproj", "{A1AC2D04-E466-4019-9FA1-D419A412FB9F}"
EndProject
Project("{9A19103F-16F7-4668-BE54-9A1E7A4F7556}") = "1572. 矩阵对角线元素的和", "1572. 矩阵对角线元素的和\1572. 矩阵对角线元素的和.csproj", "{627430C0-0C86-4E13-A9BC-924F8B0B6B98}"
EndProject
Project("{9A19103F-16F7-4668-BE54-9A1E7A4F7556}") = "1290. 二进制链表转整数", "1290. 二进制链表转整数\1290. 二进制链表转整数.csproj", "{01CAB40D-023D-4421-BCEC-1C4518EF98F3}"
EndProject
Project("{9A19103F-16F7-4668-BE54-9A1E7A4F7556}") = "1528. 重新排列字符串", "1528. 重新排列字符串\1528. 重新排列字符串.csproj", "{6C053F8B-9722-4E81-A7A2-FAFDC80BF181}"
EndProject
Project("{9A19103F-16F7-4668-BE54-9A1E7A4F7556}") = "1436. 旅行终点站", "1436. 旅行终点站\1436. 旅行终点站.csproj", "{CD8866FA-22C5-4A22-BE38-D2416BA4220D}"
EndProject
Project("{9A19103F-16F7-4668-BE54-9A1E7A4F7556}") = "1021. 删除最外层的括号", "1021. 删除最外层的括号\1021. 删除最外层的括号.csproj", "{0A23DBAE-D292-42AA-BE8D-57C464E65757}"
EndProject
Project("{9A19103F-16F7-4668-BE54-9A1E7A4F7556}") = "剑指 Offer 55 - I. 二叉树的深度", "剑指 Offer 55 - I. 二叉树的深度\剑指 Offer 55 - I. 二叉树的深度.csproj", "{E05EAC6D-98D9-4115-96CE-482770F08CFC}"
EndProject
Project("{9A19103F-16F7-4668-BE54-9A1E7A4F7556}") = "832. 翻转图像", "832. 翻转图像\832. 翻转图像.csproj", "{8589CF49-60A2-495D-85A7-7868D2D225D5}"
EndProject
Project("{9A19103F-16F7-4668-BE54-9A1E7A4F7556}") = "226. 翻转二叉树", "226. 翻转二叉树\226. 翻转二叉树.csproj", "{262A7573-DA86-4776-987C-E309BBA9697F}"
EndProject
Project("{9A19103F-16F7-4668-BE54-9A1E7A4F7556}") = "剑指 Offer 27. 二叉树的镜像", "剑指 Offer 27. 二叉树的镜像\剑指 Offer 27. 二叉树的镜像.csproj", "{2B8EDEF1-EE88-4C81-B09B-3775E404D574}"
EndProject
Project("{9A19103F-16F7-4668-BE54-9A1E7A4F7556}") = "590. N叉树的后序遍历", "590. N叉树的后序遍历\590. N叉树的后序遍历.csproj", "{7A248A4D-920B-4DB7-BDCC-37AB2AD38380}"
EndProject
Project("{9A19103F-16F7-4668-BE54-9A1E7A4F7556}") = "78. 子集", "78. 子集\78. 子集.csproj", "{5DCD2210-7975-494A-8249-D7929AB90691}"
EndProject
Project("{9A19103F-16F7-4668-BE54-9A1E7A4F7556}") = "237. 删除链表中的节点", "237. 删除链表中的节点\237. 删除链表中的节点.csproj", "{6BB47368-EBAA-4FA7-BA40-A7D755A5EECD}"
EndProject
Project("{9A19103F-16F7-4668-BE54-9A1E7A4F7556}") = "617. 合并二叉树", "617. 合并二叉树\617. 合并二叉树.csproj", "{2B5A916C-3601-443B-B993-006CB67B8963}"
EndProject
Project("{9A19103F-16F7-4668-BE54-9A1E7A4F7556}") = "1299. 将每个元素替换为右侧最大元素", "1299. 将每个元素替换为右侧最大元素\1299. 将每个元素替换为右侧最大元素.csproj", "{DE2967BB-9EC1-44ED-8BE5-111E15795CCF}"
EndProject
Project("{9A19103F-16F7-4668-BE54-9A1E7A4F7556}") = "1460. 通过翻转子数组使两个数组相等", "1460. 通过翻转子数组使两个数组相等\1460. 通过翻转子数组使两个数组相等.csproj", "{B0316D71-0ADF-44F6-B9A5-C89DC9B0E385}"
EndProject
Project("{9A19103F-16F7-4668-BE54-9A1E7A4F7556}") = "709. 转换成小写字母", "709. 转换成小写字母\709. 转换成小写字母.csproj", "{5E6F8EA9-D449-4035-B736-2C39EEE1C94C}"
EndProject
Project("{888888A0-9F3D-457C-B088-3A5042F75D52}") = "1662. 检查两个字符串数组是否相等", "1662. 检查两个字符串数组是否相等\1662. 检查两个字符串数组是否相等.pyproj", "{6CC0B8C1-1CFB-43F2-A029-4E35C9E9132D}"
EndProject
Project("{888888A0-9F3D-457C-B088-3A5042F75D52}") = "剑指 Offer 64. 求1+2+…+n", "剑指 Offer 64. 求1+2+…+n\剑指 Offer 64. 求1+2+…+n.pyproj", "{FF477A08-C286-4D93-ABE7-B45005B31C9F}"
EndProject
Project("{888888A0-9F3D-457C-B088-3A5042F75D52}") = "535. TinyURL 的加密与解密", "535. TinyURL 的加密与解密\535. TinyURL 的加密与解密.pyproj", "{670BCEDB-DCB0-4E09-B9DE-72EB11835869}"
EndProject
Project("{888888A0-9F3D-457C-B088-3A5042F75D52}") = "22. 括号生成", "22. 括号生成\22. 括号生成.pyproj", "{31F009FA-A9F1-40C5-A32F-2AB47B585AE4}"
EndProject
Global
	GlobalSection(SolutionConfigurationPlatforms) = preSolution
		Debug|Any CPU = Debug|Any CPU
		Release|Any CPU = Release|Any CPU
	EndGlobalSection
	GlobalSection(ProjectConfigurationPlatforms) = postSolution
		{B802F98C-C4A6-45E5-925B-C3E6A5C1D2DF}.Debug|Any CPU.ActiveCfg = Debug|Any CPU
		{B802F98C-C4A6-45E5-925B-C3E6A5C1D2DF}.Debug|Any CPU.Build.0 = Debug|Any CPU
		{B802F98C-C4A6-45E5-925B-C3E6A5C1D2DF}.Release|Any CPU.ActiveCfg = Release|Any CPU
		{B802F98C-C4A6-45E5-925B-C3E6A5C1D2DF}.Release|Any CPU.Build.0 = Release|Any CPU
		{3ED7C975-ACE9-4E3A-B094-F29CBEF62C4C}.Debug|Any CPU.ActiveCfg = Debug|Any CPU
		{3ED7C975-ACE9-4E3A-B094-F29CBEF62C4C}.Debug|Any CPU.Build.0 = Debug|Any CPU
		{3ED7C975-ACE9-4E3A-B094-F29CBEF62C4C}.Release|Any CPU.ActiveCfg = Release|Any CPU
		{3ED7C975-ACE9-4E3A-B094-F29CBEF62C4C}.Release|Any CPU.Build.0 = Release|Any CPU
		{D499C817-E22F-4CE9-A402-8D397811BC76}.Debug|Any CPU.ActiveCfg = Debug|Any CPU
		{D499C817-E22F-4CE9-A402-8D397811BC76}.Debug|Any CPU.Build.0 = Debug|Any CPU
		{D499C817-E22F-4CE9-A402-8D397811BC76}.Release|Any CPU.ActiveCfg = Release|Any CPU
		{D499C817-E22F-4CE9-A402-8D397811BC76}.Release|Any CPU.Build.0 = Release|Any CPU
		{3FBF5B4B-1D19-453C-A254-E1651DD0D1BB}.Debug|Any CPU.ActiveCfg = Debug|Any CPU
		{3FBF5B4B-1D19-453C-A254-E1651DD0D1BB}.Debug|Any CPU.Build.0 = Debug|Any CPU
		{3FBF5B4B-1D19-453C-A254-E1651DD0D1BB}.Release|Any CPU.ActiveCfg = Release|Any CPU
		{3FBF5B4B-1D19-453C-A254-E1651DD0D1BB}.Release|Any CPU.Build.0 = Release|Any CPU
		{A4AB1E89-FFF1-4665-8133-7360B3DA13DC}.Debug|Any CPU.ActiveCfg = Debug|Any CPU
		{A4AB1E89-FFF1-4665-8133-7360B3DA13DC}.Debug|Any CPU.Build.0 = Debug|Any CPU
		{A4AB1E89-FFF1-4665-8133-7360B3DA13DC}.Release|Any CPU.ActiveCfg = Release|Any CPU
		{A4AB1E89-FFF1-4665-8133-7360B3DA13DC}.Release|Any CPU.Build.0 = Release|Any CPU
		{6FFF0AD9-3E8A-4D9F-9ABC-FCD9AFF2F64D}.Debug|Any CPU.ActiveCfg = Debug|Any CPU
		{6FFF0AD9-3E8A-4D9F-9ABC-FCD9AFF2F64D}.Debug|Any CPU.Build.0 = Debug|Any CPU
		{6FFF0AD9-3E8A-4D9F-9ABC-FCD9AFF2F64D}.Release|Any CPU.ActiveCfg = Release|Any CPU
		{6FFF0AD9-3E8A-4D9F-9ABC-FCD9AFF2F64D}.Release|Any CPU.Build.0 = Release|Any CPU
		{988EC575-2C7D-4C1A-A151-FC37059F1493}.Debug|Any CPU.ActiveCfg = Debug|Any CPU
		{988EC575-2C7D-4C1A-A151-FC37059F1493}.Debug|Any CPU.Build.0 = Debug|Any CPU
		{988EC575-2C7D-4C1A-A151-FC37059F1493}.Release|Any CPU.ActiveCfg = Release|Any CPU
		{988EC575-2C7D-4C1A-A151-FC37059F1493}.Release|Any CPU.Build.0 = Release|Any CPU
		{D2CE3B40-E0A9-49B7-B35C-6141470364EE}.Debug|Any CPU.ActiveCfg = Debug|Any CPU
		{D2CE3B40-E0A9-49B7-B35C-6141470364EE}.Debug|Any CPU.Build.0 = Debug|Any CPU
		{D2CE3B40-E0A9-49B7-B35C-6141470364EE}.Release|Any CPU.ActiveCfg = Release|Any CPU
		{D2CE3B40-E0A9-49B7-B35C-6141470364EE}.Release|Any CPU.Build.0 = Release|Any CPU
		{522FF7C6-2C0D-40C6-9BEC-DB3D6BD1B381}.Debug|Any CPU.ActiveCfg = Debug|Any CPU
		{522FF7C6-2C0D-40C6-9BEC-DB3D6BD1B381}.Debug|Any CPU.Build.0 = Debug|Any CPU
		{522FF7C6-2C0D-40C6-9BEC-DB3D6BD1B381}.Release|Any CPU.ActiveCfg = Release|Any CPU
		{522FF7C6-2C0D-40C6-9BEC-DB3D6BD1B381}.Release|Any CPU.Build.0 = Release|Any CPU
		{2B4F5413-AC8A-4720-BD4C-19BD6040BDA0}.Debug|Any CPU.ActiveCfg = Debug|Any CPU
		{2B4F5413-AC8A-4720-BD4C-19BD6040BDA0}.Debug|Any CPU.Build.0 = Debug|Any CPU
		{2B4F5413-AC8A-4720-BD4C-19BD6040BDA0}.Release|Any CPU.ActiveCfg = Release|Any CPU
		{2B4F5413-AC8A-4720-BD4C-19BD6040BDA0}.Release|Any CPU.Build.0 = Release|Any CPU
		{C4623FA9-2584-4EA7-815F-C58C1500D23E}.Debug|Any CPU.ActiveCfg = Debug|Any CPU
		{C4623FA9-2584-4EA7-815F-C58C1500D23E}.Debug|Any CPU.Build.0 = Debug|Any CPU
		{C4623FA9-2584-4EA7-815F-C58C1500D23E}.Release|Any CPU.ActiveCfg = Release|Any CPU
		{C4623FA9-2584-4EA7-815F-C58C1500D23E}.Release|Any CPU.Build.0 = Release|Any CPU
		{6D214E2E-E30F-4C4B-B1B2-DD6320B22A70}.Debug|Any CPU.ActiveCfg = Debug|Any CPU
		{6D214E2E-E30F-4C4B-B1B2-DD6320B22A70}.Debug|Any CPU.Build.0 = Debug|Any CPU
		{6D214E2E-E30F-4C4B-B1B2-DD6320B22A70}.Release|Any CPU.ActiveCfg = Release|Any CPU
		{6D214E2E-E30F-4C4B-B1B2-DD6320B22A70}.Release|Any CPU.Build.0 = Release|Any CPU
		{5B3499BB-8227-45AD-84C7-CBA95C2BB765}.Debug|Any CPU.ActiveCfg = Debug|Any CPU
		{5B3499BB-8227-45AD-84C7-CBA95C2BB765}.Debug|Any CPU.Build.0 = Debug|Any CPU
		{5B3499BB-8227-45AD-84C7-CBA95C2BB765}.Release|Any CPU.ActiveCfg = Release|Any CPU
		{5B3499BB-8227-45AD-84C7-CBA95C2BB765}.Release|Any CPU.Build.0 = Release|Any CPU
		{9B3DE98E-CA85-4CE5-8422-DF95F0117C06}.Debug|Any CPU.ActiveCfg = Debug|Any CPU
		{9B3DE98E-CA85-4CE5-8422-DF95F0117C06}.Debug|Any CPU.Build.0 = Debug|Any CPU
		{9B3DE98E-CA85-4CE5-8422-DF95F0117C06}.Release|Any CPU.ActiveCfg = Release|Any CPU
		{9B3DE98E-CA85-4CE5-8422-DF95F0117C06}.Release|Any CPU.Build.0 = Release|Any CPU
		{1A8F6FDE-EC14-4C03-B787-46BC433733AC}.Debug|Any CPU.ActiveCfg = Debug|Any CPU
		{1A8F6FDE-EC14-4C03-B787-46BC433733AC}.Debug|Any CPU.Build.0 = Debug|Any CPU
		{1A8F6FDE-EC14-4C03-B787-46BC433733AC}.Release|Any CPU.ActiveCfg = Release|Any CPU
		{1A8F6FDE-EC14-4C03-B787-46BC433733AC}.Release|Any CPU.Build.0 = Release|Any CPU
		{1628D080-933A-442D-9CCF-4E4C5978AAEC}.Debug|Any CPU.ActiveCfg = Debug|Any CPU
		{1628D080-933A-442D-9CCF-4E4C5978AAEC}.Debug|Any CPU.Build.0 = Debug|Any CPU
		{1628D080-933A-442D-9CCF-4E4C5978AAEC}.Release|Any CPU.ActiveCfg = Release|Any CPU
		{1628D080-933A-442D-9CCF-4E4C5978AAEC}.Release|Any CPU.Build.0 = Release|Any CPU
		{E06F26A9-4402-4A9F-B6EE-3CAC9F00B1BE}.Debug|Any CPU.ActiveCfg = Debug|Any CPU
		{E06F26A9-4402-4A9F-B6EE-3CAC9F00B1BE}.Debug|Any CPU.Build.0 = Debug|Any CPU
		{E06F26A9-4402-4A9F-B6EE-3CAC9F00B1BE}.Release|Any CPU.ActiveCfg = Release|Any CPU
		{E06F26A9-4402-4A9F-B6EE-3CAC9F00B1BE}.Release|Any CPU.Build.0 = Release|Any CPU
		{A1AC2D04-E466-4019-9FA1-D419A412FB9F}.Debug|Any CPU.ActiveCfg = Debug|Any CPU
		{A1AC2D04-E466-4019-9FA1-D419A412FB9F}.Debug|Any CPU.Build.0 = Debug|Any CPU
		{A1AC2D04-E466-4019-9FA1-D419A412FB9F}.Release|Any CPU.ActiveCfg = Release|Any CPU
		{A1AC2D04-E466-4019-9FA1-D419A412FB9F}.Release|Any CPU.Build.0 = Release|Any CPU
		{627430C0-0C86-4E13-A9BC-924F8B0B6B98}.Debug|Any CPU.ActiveCfg = Debug|Any CPU
		{627430C0-0C86-4E13-A9BC-924F8B0B6B98}.Debug|Any CPU.Build.0 = Debug|Any CPU
		{627430C0-0C86-4E13-A9BC-924F8B0B6B98}.Release|Any CPU.ActiveCfg = Release|Any CPU
		{627430C0-0C86-4E13-A9BC-924F8B0B6B98}.Release|Any CPU.Build.0 = Release|Any CPU
		{01CAB40D-023D-4421-BCEC-1C4518EF98F3}.Debug|Any CPU.ActiveCfg = Debug|Any CPU
		{01CAB40D-023D-4421-BCEC-1C4518EF98F3}.Debug|Any CPU.Build.0 = Debug|Any CPU
		{01CAB40D-023D-4421-BCEC-1C4518EF98F3}.Release|Any CPU.ActiveCfg = Release|Any CPU
		{01CAB40D-023D-4421-BCEC-1C4518EF98F3}.Release|Any CPU.Build.0 = Release|Any CPU
		{6C053F8B-9722-4E81-A7A2-FAFDC80BF181}.Debug|Any CPU.ActiveCfg = Debug|Any CPU
		{6C053F8B-9722-4E81-A7A2-FAFDC80BF181}.Debug|Any CPU.Build.0 = Debug|Any CPU
		{6C053F8B-9722-4E81-A7A2-FAFDC80BF181}.Release|Any CPU.ActiveCfg = Release|Any CPU
		{6C053F8B-9722-4E81-A7A2-FAFDC80BF181}.Release|Any CPU.Build.0 = Release|Any CPU
		{CD8866FA-22C5-4A22-BE38-D2416BA4220D}.Debug|Any CPU.ActiveCfg = Debug|Any CPU
		{CD8866FA-22C5-4A22-BE38-D2416BA4220D}.Debug|Any CPU.Build.0 = Debug|Any CPU
		{CD8866FA-22C5-4A22-BE38-D2416BA4220D}.Release|Any CPU.ActiveCfg = Release|Any CPU
		{CD8866FA-22C5-4A22-BE38-D2416BA4220D}.Release|Any CPU.Build.0 = Release|Any CPU
		{0A23DBAE-D292-42AA-BE8D-57C464E65757}.Debug|Any CPU.ActiveCfg = Debug|Any CPU
		{0A23DBAE-D292-42AA-BE8D-57C464E65757}.Debug|Any CPU.Build.0 = Debug|Any CPU
		{0A23DBAE-D292-42AA-BE8D-57C464E65757}.Release|Any CPU.ActiveCfg = Release|Any CPU
		{0A23DBAE-D292-42AA-BE8D-57C464E65757}.Release|Any CPU.Build.0 = Release|Any CPU
		{E05EAC6D-98D9-4115-96CE-482770F08CFC}.Debug|Any CPU.ActiveCfg = Debug|Any CPU
		{E05EAC6D-98D9-4115-96CE-482770F08CFC}.Debug|Any CPU.Build.0 = Debug|Any CPU
		{E05EAC6D-98D9-4115-96CE-482770F08CFC}.Release|Any CPU.ActiveCfg = Release|Any CPU
		{E05EAC6D-98D9-4115-96CE-482770F08CFC}.Release|Any CPU.Build.0 = Release|Any CPU
		{8589CF49-60A2-495D-85A7-7868D2D225D5}.Debug|Any CPU.ActiveCfg = Debug|Any CPU
		{8589CF49-60A2-495D-85A7-7868D2D225D5}.Debug|Any CPU.Build.0 = Debug|Any CPU
		{8589CF49-60A2-495D-85A7-7868D2D225D5}.Release|Any CPU.ActiveCfg = Release|Any CPU
		{8589CF49-60A2-495D-85A7-7868D2D225D5}.Release|Any CPU.Build.0 = Release|Any CPU
		{262A7573-DA86-4776-987C-E309BBA9697F}.Debug|Any CPU.ActiveCfg = Debug|Any CPU
		{262A7573-DA86-4776-987C-E309BBA9697F}.Debug|Any CPU.Build.0 = Debug|Any CPU
		{262A7573-DA86-4776-987C-E309BBA9697F}.Release|Any CPU.ActiveCfg = Release|Any CPU
		{262A7573-DA86-4776-987C-E309BBA9697F}.Release|Any CPU.Build.0 = Release|Any CPU
		{2B8EDEF1-EE88-4C81-B09B-3775E404D574}.Debug|Any CPU.ActiveCfg = Debug|Any CPU
		{2B8EDEF1-EE88-4C81-B09B-3775E404D574}.Debug|Any CPU.Build.0 = Debug|Any CPU
		{2B8EDEF1-EE88-4C81-B09B-3775E404D574}.Release|Any CPU.ActiveCfg = Release|Any CPU
		{2B8EDEF1-EE88-4C81-B09B-3775E404D574}.Release|Any CPU.Build.0 = Release|Any CPU
		{7A248A4D-920B-4DB7-BDCC-37AB2AD38380}.Debug|Any CPU.ActiveCfg = Debug|Any CPU
		{7A248A4D-920B-4DB7-BDCC-37AB2AD38380}.Debug|Any CPU.Build.0 = Debug|Any CPU
		{7A248A4D-920B-4DB7-BDCC-37AB2AD38380}.Release|Any CPU.ActiveCfg = Release|Any CPU
		{7A248A4D-920B-4DB7-BDCC-37AB2AD38380}.Release|Any CPU.Build.0 = Release|Any CPU
		{5DCD2210-7975-494A-8249-D7929AB90691}.Debug|Any CPU.ActiveCfg = Debug|Any CPU
		{5DCD2210-7975-494A-8249-D7929AB90691}.Debug|Any CPU.Build.0 = Debug|Any CPU
		{5DCD2210-7975-494A-8249-D7929AB90691}.Release|Any CPU.ActiveCfg = Release|Any CPU
		{5DCD2210-7975-494A-8249-D7929AB90691}.Release|Any CPU.Build.0 = Release|Any CPU
		{6BB47368-EBAA-4FA7-BA40-A7D755A5EECD}.Debug|Any CPU.ActiveCfg = Debug|Any CPU
		{6BB47368-EBAA-4FA7-BA40-A7D755A5EECD}.Debug|Any CPU.Build.0 = Debug|Any CPU
		{6BB47368-EBAA-4FA7-BA40-A7D755A5EECD}.Release|Any CPU.ActiveCfg = Release|Any CPU
		{6BB47368-EBAA-4FA7-BA40-A7D755A5EECD}.Release|Any CPU.Build.0 = Release|Any CPU
		{2B5A916C-3601-443B-B993-006CB67B8963}.Debug|Any CPU.ActiveCfg = Debug|Any CPU
		{2B5A916C-3601-443B-B993-006CB67B8963}.Debug|Any CPU.Build.0 = Debug|Any CPU
		{2B5A916C-3601-443B-B993-006CB67B8963}.Release|Any CPU.ActiveCfg = Release|Any CPU
		{2B5A916C-3601-443B-B993-006CB67B8963}.Release|Any CPU.Build.0 = Release|Any CPU
		{DE2967BB-9EC1-44ED-8BE5-111E15795CCF}.Debug|Any CPU.ActiveCfg = Debug|Any CPU
		{DE2967BB-9EC1-44ED-8BE5-111E15795CCF}.Debug|Any CPU.Build.0 = Debug|Any CPU
		{DE2967BB-9EC1-44ED-8BE5-111E15795CCF}.Release|Any CPU.ActiveCfg = Release|Any CPU
		{DE2967BB-9EC1-44ED-8BE5-111E15795CCF}.Release|Any CPU.Build.0 = Release|Any CPU
		{B0316D71-0ADF-44F6-B9A5-C89DC9B0E385}.Debug|Any CPU.ActiveCfg = Debug|Any CPU
		{B0316D71-0ADF-44F6-B9A5-C89DC9B0E385}.Debug|Any CPU.Build.0 = Debug|Any CPU
		{B0316D71-0ADF-44F6-B9A5-C89DC9B0E385}.Release|Any CPU.ActiveCfg = Release|Any CPU
		{B0316D71-0ADF-44F6-B9A5-C89DC9B0E385}.Release|Any CPU.Build.0 = Release|Any CPU
		{5E6F8EA9-D449-4035-B736-2C39EEE1C94C}.Debug|Any CPU.ActiveCfg = Debug|Any CPU
		{5E6F8EA9-D449-4035-B736-2C39EEE1C94C}.Debug|Any CPU.Build.0 = Debug|Any CPU
		{5E6F8EA9-D449-4035-B736-2C39EEE1C94C}.Release|Any CPU.ActiveCfg = Release|Any CPU
		{5E6F8EA9-D449-4035-B736-2C39EEE1C94C}.Release|Any CPU.Build.0 = Release|Any CPU
		{6CC0B8C1-1CFB-43F2-A029-4E35C9E9132D}.Debug|Any CPU.ActiveCfg = Debug|Any CPU
		{6CC0B8C1-1CFB-43F2-A029-4E35C9E9132D}.Release|Any CPU.ActiveCfg = Release|Any CPU
		{FF477A08-C286-4D93-ABE7-B45005B31C9F}.Debug|Any CPU.ActiveCfg = Debug|Any CPU
		{FF477A08-C286-4D93-ABE7-B45005B31C9F}.Release|Any CPU.ActiveCfg = Release|Any CPU
		{670BCEDB-DCB0-4E09-B9DE-72EB11835869}.Debug|Any CPU.ActiveCfg = Debug|Any CPU
		{670BCEDB-DCB0-4E09-B9DE-72EB11835869}.Release|Any CPU.ActiveCfg = Release|Any CPU
		{31F009FA-A9F1-40C5-A32F-2AB47B585AE4}.Debug|Any CPU.ActiveCfg = Debug|Any CPU
		{31F009FA-A9F1-40C5-A32F-2AB47B585AE4}.Release|Any CPU.ActiveCfg = Release|Any CPU
	EndGlobalSection
	GlobalSection(SolutionProperties) = preSolution
		HideSolutionNode = FALSE
	EndGlobalSection
	GlobalSection(ExtensibilityGlobals) = postSolution
		SolutionGuid = {56A8921A-E543-43DA-A703-BD38AEB9D911}
	EndGlobalSection
EndGlobal
